schema: '2.0'
stages:
  load_data:
    cmd: python src/stage_01_load_save.py --config=config/config.yaml
    deps:
    - path: config/config.yaml
      md5: 4d1dd5a27eede9e97ed86c3899733f2b
      size: 321
    - path: src/stage_01_load_save.py
      md5: 4518fd7c25f50c78f6ad882dcdf10039
      size: 1827
    - path: src/utils/all_utils.py
      md5: 777df0c9512576a583125c821bf64db6
      size: 938
    outs:
    - path: artifacts/raw_local_dir/data.csv
      md5: 7d814a1bda02145efe703f4e1c01847a
      size: 93599
